
Microsoft Visual Studio Solution File, Format Version 12.00
# Visual Studio Version 17
VisualStudioVersion = 17.6.33801.468
MinimumVisualStudioVersion = 10.0.40219.1
Project("{FAE04EC0-301F-11D3-BF4B-00C04F79EFBC}") = "Planets", "Planets\Planets.csproj", "{9E337462-C9D9-4989-BA94-F0F6BAC8309A}"
EndProject
Global
	GlobalSection(SolutionConfigurationPlatforms) = preSolution
		Debug|Any CPU = Debug|Any CPU
		Release|Any CPU = Release|Any CPU
	EndGlobalSection
	GlobalSection(ProjectConfigurationPlatforms) = postSolution
		{9E337462-C9D9-4989-BA94-F0F6BAC8309A}.Debug|Any CPU.ActiveCfg = Debug|Any CPU
		{9E337462-C9D9-4989-BA94-F0F6BAC8309A}.Debug|Any CPU.Build.0 = Debug|Any CPU
		{9E337462-C9D9-4989-BA94-F0F6BAC8309A}.Release|Any CPU.ActiveCfg = Release|Any CPU
		{9E337462-C9D9-4989-BA94-F0F6BAC8309A}.Release|Any CPU.Build.0 = Release|Any CPU
	EndGlobalSection
	GlobalSection(SolutionProperties) = preSolution
		HideSolutionNode = FALSE
	EndGlobalSection
	GlobalSection(ExtensibilityGlobals) = postSolution
		SolutionGuid = {70D2AB86-BFE0-4B8A-A541-3039CB528558}
	EndGlobalSection
EndGlobal
